// !$*UTF8*$!
{
	archiveVersion = 1;
	classes = {
	};
	objectVersion = 77;
	objects = {

/* Begin PBXBuildFile section */
		23AA788F032C5E9D719ED5A5 /* DeltaDecoder.swift in Sources */ = {isa = PBXBuildFile; fileRef = 822CC30FFA0927196C8AE2D3 /* DeltaDecoder.swift */; };
		33838AC9E3E354C444BBA4AE /* ConnectionView.swift in Sources */ = {isa = PBXBuildFile; fileRef = ECC428D877FFE3D7F2C70EE8 /* ConnectionView.swift */; };
		3A99A059D71E4EBA1B4663E6 /* SignalDashboardView.swift in Sources */ = {isa = PBXBuildFile; fileRef = D71761BAC66A5A931253BB24 /* SignalDashboardView.swift */; };
		509E671ABA1D7DCD4B699671 /* DataBlocks.swift in Sources */ = {isa = PBXBuildFile; fileRef = 01929868DE251DE82C04BA27 /* DataBlocks.swift */; };
		586A2C9E7807C9737F3B3887 /* SignalBuffer.swift in Sources */ = {isa = PBXBuildFile; fileRef = 0A2BE800695CB6B11773EC80 /* SignalBuffer.swift */; };
		6A636C423D7A48E4A07B27BF /* BLEManager.swift in Sources */ = {isa = PBXBuildFile; fileRef = 51180540CAD892E40C4E8DAF /* BLEManager.swift */; };
		6E859388B639EFF41350303A /* ContentView.swift in Sources */ = {isa = PBXBuildFile; fileRef = 410E7A1232E1AD4D07CCBDC9 /* ContentView.swift */; };
		6F2C6C9D781E6189BB06B50D /* VUAMSApp.swift in Sources */ = {isa = PBXBuildFile; fileRef = 11A35DA3BCEFF157DC433533 /* VUAMSApp.swift */; };
		87B52313B6D948D461755299 /* GATTProfile.swift in Sources */ = {isa = PBXBuildFile; fileRef = 67D71872D8EA659484F60880 /* GATTProfile.swift */; };
		FA29B4A80F692D83C27ADED3 /* WaveformView.swift in Sources */ = {isa = PBXBuildFile; fileRef = 8167555C6AC1798360B24C3C /* WaveformView.swift */; };
/* End PBXBuildFile section */

/* Begin PBXFileReference section */
		01929868DE251DE82C04BA27 /* DataBlocks.swift */ = {isa = PBXFileReference; lastKnownFileType = sourcecode.swift; path = DataBlocks.swift; sourceTree = "<group>"; };
		07EDCE44D2779E138F053CD7 /* VUAMS.app */ = {isa = PBXFileReference; includeInIndex = 0; lastKnownFileType = wrapper.application; path = VUAMS.app; sourceTree = BUILT_PRODUCTS_DIR; };
		0A2BE800695CB6B11773EC80 /* SignalBuffer.swift */ = {isa = PBXFileReference; lastKnownFileType = sourcecode.swift; path = SignalBuffer.swift; sourceTree = "<group>"; };
		11A35DA3BCEFF157DC433533 /* VUAMSApp.swift */ = {isa = PBXFileReference; lastKnownFileType = sourcecode.swift; path = VUAMSApp.swift; sourceTree = "<group>"; };
		410E7A1232E1AD4D07CCBDC9 /* ContentView.swift */ = {isa = PBXFileReference; lastKnownFileType = sourcecode.swift; path = ContentView.swift; sourceTree = "<group>"; };
		51180540CAD892E40C4E8DAF /* BLEManager.swift */ = {isa = PBXFileReference; lastKnownFileType = sourcecode.swift; path = BLEManager.swift; sourceTree = "<group>"; };
		67D71872D8EA659484F60880 /* GATTProfile.swift */ = {isa = PBXFileReference; lastKnownFileType = sourcecode.swift; path = GATTProfile.swift; sourceTree = "<group>"; };
		8167555C6AC1798360B24C3C /* WaveformView.swift */ = {isa = PBXFileReference; lastKnownFileType = sourcecode.swift; path = WaveformView.swift; sourceTree = "<group>"; };
		822CC30FFA0927196C8AE2D3 /* DeltaDecoder.swift */ = {isa = PBXFileReference; lastKnownFileType = sourcecode.swift; path = DeltaDecoder.swift; sourceTree = "<group>"; };
		828926C5EDEDE3371CC45A18 /* Info.plist */ = {isa = PBXFileReference; lastKnownFileType = text.plist; path = Info.plist; sourceTree = "<group>"; };
		D71761BAC66A5A931253BB24 /* SignalDashboardView.swift */ = {isa = PBXFileReference; lastKnownFileType = sourcecode.swift; path = SignalDashboardView.swift; sourceTree = "<group>"; };
		ECC428D877FFE3D7F2C70EE8 /* ConnectionView.swift */ = {isa = PBXFileReference; lastKnownFileType = sourcecode.swift; path = ConnectionView.swift; sourceTree = "<group>"; };
/* End PBXFileReference section */

/* Begin PBXGroup section */
		4D4C03E8267A5E95E749FEFD /* Utilities */ = {
			isa = PBXGroup;
			children = (
				822CC30FFA0927196C8AE2D3 /* DeltaDecoder.swift */,
				0A2BE800695CB6B11773EC80 /* SignalBuffer.swift */,
			);
			path = Utilities;
			sourceTree = "<group>";
		};
		5E4EEECB3D22B9E779026B41 = {
			isa = PBXGroup;
			children = (
				941F62EB93F3170BED36C990 /* BLE */,
				7EBD399E2588DEFF80206FB1 /* ios_app */,
				E4658F1B6ECA28DDE737A5D0 /* Models */,
				4D4C03E8267A5E95E749FEFD /* Utilities */,
				8964FA4087F9C1FF530D12A9 /* Views */,
				F4DD189F02DBC15F8BE843C7 /* VUAMS */,
				92DE4D6B9A282DB39C3B06E0 /* Products */,
			);
			sourceTree = "<group>";
		};
		7EBD399E2588DEFF80206FB1 /* ios_app */ = {
			isa = PBXGroup;
			children = (
				01929868DE251DE82C04BA27 /* DataBlocks.swift */,
				67D71872D8EA659484F60880 /* GATTProfile.swift */,
				11A35DA3BCEFF157DC433533 /* VUAMSApp.swift */,
				941F62EB93F3170BED36C990 /* BLE */,
				E4658F1B6ECA28DDE737A5D0 /* Models */,
				4D4C03E8267A5E95E749FEFD /* Utilities */,
				8964FA4087F9C1FF530D12A9 /* Views */,
				F4DD189F02DBC15F8BE843C7 /* VUAMS */,
			);
			name = ios_app;
			path = .;
			sourceTree = "<group>";
		};
		8964FA4087F9C1FF530D12A9 /* Views */ = {
			isa = PBXGroup;
			children = (
				ECC428D877FFE3D7F2C70EE8 /* ConnectionView.swift */,
				410E7A1232E1AD4D07CCBDC9 /* ContentView.swift */,
				D71761BAC66A5A931253BB24 /* SignalDashboardView.swift */,
				8167555C6AC1798360B24C3C /* WaveformView.swift */,
			);
			path = Views;
			sourceTree = "<group>";
		};
		92DE4D6B9A282DB39C3B06E0 /* Products */ = {
			isa = PBXGroup;
			children = (
				07EDCE44D2779E138F053CD7 /* VUAMS.app */,
			);
			name = Products;
			sourceTree = "<group>";
		};
		941F62EB93F3170BED36C990 /* BLE */ = {
			isa = PBXGroup;
			children = (
				51180540CAD892E40C4E8DAF /* BLEManager.swift */,
			);
			path = BLE;
			sourceTree = "<group>";
		};
		E4658F1B6ECA28DDE737A5D0 /* Models */ = {
			isa = PBXGroup;
			children = (
			);
			path = Models;
			sourceTree = "<group>";
		};
		F4DD189F02DBC15F8BE843C7 /* VUAMS */ = {
			isa = PBXGroup;
			children = (
				828926C5EDEDE3371CC45A18 /* Info.plist */,
			);
			path = VUAMS;
			sourceTree = "<group>";
		};
/* End PBXGroup section */

/* Begin PBXNativeTarget section */
		F4EB0AAEA8AE17315996E75D /* VUAMS */ = {
			isa = PBXNativeTarget;
			buildConfigurationList = 7176D77FF15BDE5282C73624 /* Build configuration list for PBXNativeTarget "VUAMS" */;
			buildPhases = (
				19571908E7AA40E008BACF7F /* Sources */,
			);
			buildRules = (
			);
			dependencies = (
			);
			name = VUAMS;
			packageProductDependencies = (
			);
			productName = VUAMS;
			productReference = 07EDCE44D2779E138F053CD7 /* VUAMS.app */;
			productType = "com.apple.product-type.application";
		};
/* End PBXNativeTarget section */

/* Begin PBXProject section */
		3FF997B48C4F1B5EA7110BC5 /* Project object */ = {
			isa = PBXProject;
			attributes = {
				BuildIndependentTargetsInParallel = YES;
				LastUpgradeCheck = 1500;
				TargetAttributes = {
					F4EB0AAEA8AE17315996E75D = {
						DevelopmentTeam = "";
					};
				};
			};
			buildConfigurationList = 55BAC4322574AAD6942BF933 /* Build configuration list for PBXProject "VUAMS" */;
			developmentRegion = en;
			hasScannedForEncodings = 0;
			knownRegions = (
				Base,
				en,
			);
			mainGroup = 5E4EEECB3D22B9E779026B41;
			minimizedProjectReferenceProxies = 1;
			preferredProjectObjectVersion = 77;
			productRefGroup = 92DE4D6B9A282DB39C3B06E0 /* Products */;
			projectDirPath = "";
			projectRoot = "";
			targets = (
				F4EB0AAEA8AE17315996E75D /* VUAMS */,
			);
		};
/* End PBXProject section */

/* Begin PBXSourcesBuildPhase section */
		19571908E7AA40E008BACF7F /* Sources */ = {
			isa = PBXSourcesBuildPhase;
			buildActionMask = 2147483647;
			files = (
				6A636C423D7A48E4A07B27BF /* BLEManager.swift in Sources */,
				33838AC9E3E354C444BBA4AE /* ConnectionView.swift in Sources */,
				6E859388B639EFF41350303A /* ContentView.swift in Sources */,
				509E671ABA1D7DCD4B699671 /* DataBlocks.swift in Sources */,
				23AA788F032C5E9D719ED5A5 /* DeltaDecoder.swift in Sources */,
				87B52313B6D948D461755299 /* GATTProfile.swift in Sources */,
				586A2C9E7807C9737F3B3887 /* SignalBuffer.swift in Sources */,
				3A99A059D71E4EBA1B4663E6 /* SignalDashboardView.swift in Sources */,
				6F2C6C9D781E6189BB06B50D /* VUAMSApp.swift in Sources */,
				FA29B4A80F692D83C27ADED3 /* WaveformView.swift in Sources */,
			);
			runOnlyForDeploymentPostprocessing = 0;
		};
/* End PBXSourcesBuildPhase section */

/* Begin XCBuildConfiguration section */
		72DCA867AAA6892446EB5DBC /* Release */ = {
			isa = XCBuildConfiguration;
			buildSettings = {
				ALWAYS_SEARCH_USER_PATHS = NO;
				CLANG_ANALYZER_NONNULL = YES;
				CLANG_ANALYZER_NUMBER_OBJECT_CONVERSION = YES_AGGRESSIVE;
				CLANG_CXX_LANGUAGE_STANDARD = "gnu++14";
				CLANG_CXX_LIBRARY = "libc++";
				CLANG_ENABLE_MODULES = YES;
				CLANG_ENABLE_OBJC_ARC = YES;
				CLANG_ENABLE_OBJC_WEAK = YES;
				CLANG_WARN_BLOCK_CAPTURE_AUTORELEASING = YES;
				CLANG_WARN_BOOL_CONVERSION = YES;
				CLANG_WARN_COMMA = YES;
				CLANG_WARN_CONSTANT_CONVERSION = YES;
				CLANG_WARN_DEPRECATED_OBJC_IMPLEMENTATIONS = YES;
				CLANG_WARN_DIRECT_OBJC_ISA_USAGE = YES_ERROR;
				CLANG_WARN_DOCUMENTATION_COMMENTS = YES;
				CLANG_WARN_EMPTY_BODY = YES;
				CLANG_WARN_ENUM_CONVERSION = YES;
				CLANG_WARN_INFINITE_RECURSION = YES;
				CLANG_WARN_INT_CONVERSION = YES;
				CLANG_WARN_NON_LITERAL_NULL_CONVERSION = YES;
				CLANG_WARN_OBJC_IMPLICIT_RETAIN_SELF = YES;
				CLANG_WARN_OBJC_LITERAL_CONVERSION = YES;
				CLANG_WARN_OBJC_ROOT_CLASS = YES_ERROR;
				CLANG_WARN_QUOTED_INCLUDE_IN_FRAMEWORK_HEADER = YES;
				CLANG_WARN_RANGE_LOOP_ANALYSIS = YES;
				CLANG_WARN_STRICT_PROTOTYPES = YES;
				CLANG_WARN_SUSPICIOUS_MOVE = YES;
				CLANG_WARN_UNGUARDED_AVAILABILITY = YES_AGGRESSIVE;
				CLANG_WARN_UNREACHABLE_CODE = YES;
				CLANG_WARN__DUPLICATE_METHOD_MATCH = YES;
				COPY_PHASE_STRIP = NO;
				DEBUG_INFORMATION_FORMAT = "dwarf-with-dsym";
				DEVELOPMENT_TEAM = "";
				ENABLE_NS_ASSERTIONS = NO;
				ENABLE_STRICT_OBJC_MSGSEND = YES;
				GCC_C_LANGUAGE_STANDARD = gnu11;
				GCC_NO_COMMON_BLOCKS = YES;
				GCC_WARN_64_TO_32_BIT_CONVERSION = YES;
				GCC_WARN_ABOUT_RETURN_TYPE = YES_ERROR;
				GCC_WARN_UNDECLARED_SELECTOR = YES;
				GCC_WARN_UNINITIALIZED_AUTOS = YES_AGGRESSIVE;
				GCC_WARN_UNUSED_FUNCTION = YES;
				GCC_WARN_UNUSED_VARIABLE = YES;
				IPHONEOS_DEPLOYMENT_TARGET = 17.0;
				MTL_ENABLE_DEBUG_INFO = NO;
				MTL_FAST_MATH = YES;
				PRODUCT_NAME = "$(TARGET_NAME)";
				SDKROOT = iphoneos;
				SWIFT_COMPILATION_MODE = wholemodule;
				SWIFT_OPTIMIZATION_LEVEL = "-O";
				SWIFT_VERSION = 5.9;
			};
			name = Release;
		};
		A76091CD846278FF8B60C5D4 /* Debug */ = {
			isa = XCBuildConfiguration;
			buildSettings = {
				ASSETCATALOG_COMPILER_APPICON_NAME = AppIcon;
				CODE_SIGN_IDENTITY = "iPhone Developer";
				INFOPLIST_FILE = VUAMS/Info.plist;
				LD_RUNPATH_SEARCH_PATHS = (
					"$(inherited)",
					"@executable_path/Frameworks",
				);
				PRODUCT_BUNDLE_IDENTIFIER = "nl.vu-ams.app";
				SDKROOT = iphoneos;
				TARGETED_DEVICE_FAMILY = "1,2";
			};
			name = Debug;
		};
		CA726F2BF9B0ABFDD68B444C /* Release */ = {
			isa = XCBuildConfiguration;
			buildSettings = {
				ASSETCATALOG_COMPILER_APPICON_NAME = AppIcon;
				CODE_SIGN_IDENTITY = "iPhone Developer";
				INFOPLIST_FILE = VUAMS/Info.plist;
				LD_RUNPATH_SEARCH_PATHS = (
					"$(inherited)",
					"@executable_path/Frameworks",
				);
				PRODUCT_BUNDLE_IDENTIFIER = "nl.vu-ams.app";
				SDKROOT = iphoneos;
				TARGETED_DEVICE_FAMILY = "1,2";
			};
			name = Release;
		};
		CCD755C28E6EF26CFCF791AF /* Debug */ = {
			isa = XCBuildConfiguration;
			buildSettings = {
				ALWAYS_SEARCH_USER_PATHS = NO;
				CLANG_ANALYZER_NONNULL = YES;
				CLANG_ANALYZER_NUMBER_OBJECT_CONVERSION = YES_AGGRESSIVE;
				CLANG_CXX_LANGUAGE_STANDARD = "gnu++14";
				CLANG_CXX_LIBRARY = "libc++";
				CLANG_ENABLE_MODULES = YES;
				CLANG_ENABLE_OBJC_ARC = YES;
				CLANG_ENABLE_OBJC_WEAK = YES;
				CLANG_WARN_BLOCK_CAPTURE_AUTORELEASING = YES;
				CLANG_WARN_BOOL_CONVERSION = YES;
				CLANG_WARN_COMMA = YES;
				CLANG_WARN_CONSTANT_CONVERSION = YES;
				CLANG_WARN_DEPRECATED_OBJC_IMPLEMENTATIONS = YES;
				CLANG_WARN_DIRECT_OBJC_ISA_USAGE = YES_ERROR;
				CLANG_WARN_DOCUMENTATION_COMMENTS = YES;
				CLANG_WARN_EMPTY_BODY = YES;
				CLANG_WARN_ENUM_CONVERSION = YES;
				CLANG_WARN_INFINITE_RECURSION = YES;
				CLANG_WARN_INT_CONVERSION = YES;
				CLANG_WARN_NON_LITERAL_NULL_CONVERSION = YES;
				CLANG_WARN_OBJC_IMPLICIT_RETAIN_SELF = YES;
				CLANG_WARN_OBJC_LITERAL_CONVERSION = YES;
				CLANG_WARN_OBJC_ROOT_CLASS = YES_ERROR;
				CLANG_WARN_QUOTED_INCLUDE_IN_FRAMEWORK_HEADER = YES;
				CLANG_WARN_RANGE_LOOP_ANALYSIS = YES;
				CLANG_WARN_STRICT_PROTOTYPES = YES;
				CLANG_WARN_SUSPICIOUS_MOVE = YES;
				CLANG_WARN_UNGUARDED_AVAILABILITY = YES_AGGRESSIVE;
				CLANG_WARN_UNREACHABLE_CODE = YES;
				CLANG_WARN__DUPLICATE_METHOD_MATCH = YES;
				COPY_PHASE_STRIP = NO;
				DEBUG_INFORMATION_FORMAT = "dwarf-with-dsym";
				DEVELOPMENT_TEAM = "";
				ENABLE_STRICT_OBJC_MSGSEND = YES;
				ENABLE_TESTABILITY = YES;
				GCC_C_LANGUAGE_STANDARD = gnu11;
				GCC_DYNAMIC_NO_PIC = NO;
				GCC_NO_COMMON_BLOCKS = YES;
				GCC_OPTIMIZATION_LEVEL = 0;
				GCC_PREPROCESSOR_DEFINITIONS = (
					"$(inherited)",
					"DEBUG=1",
				);
				GCC_WARN_64_TO_32_BIT_CONVERSION = YES;
				GCC_WARN_ABOUT_RETURN_TYPE = YES_ERROR;
				GCC_WARN_UNDECLARED_SELECTOR = YES;
				GCC_WARN_UNINITIALIZED_AUTOS = YES_AGGRESSIVE;
				GCC_WARN_UNUSED_FUNCTION = YES;
				GCC_WARN_UNUSED_VARIABLE = YES;
				IPHONEOS_DEPLOYMENT_TARGET = 17.0;
				MTL_ENABLE_DEBUG_INFO = INCLUDE_SOURCE;
				MTL_FAST_MATH = YES;
				ONLY_ACTIVE_ARCH = YES;
				PRODUCT_NAME = "$(TARGET_NAME)";
				SDKROOT = iphoneos;
				SWIFT_ACTIVE_COMPILATION_CONDITIONS = DEBUG;
				SWIFT_OPTIMIZATION_LEVEL = "-Onone";
				SWIFT_VERSION = 5.9;
			};
			name = Debug;
		};
/* End XCBuildConfiguration section */

/* Begin XCConfigurationList section */
		55BAC4322574AAD6942BF933 /* Build configuration list for PBXProject "VUAMS" */ = {
			isa = XCConfigurationList;
			buildConfigurations = (
				CCD755C28E6EF26CFCF791AF /* Debug */,
				72DCA867AAA6892446EB5DBC /* Release */,
			);
			defaultConfigurationIsVisible = 0;
			defaultConfigurationName = Debug;
		};
		7176D77FF15BDE5282C73624 /* Build configuration list for PBXNativeTarget "VUAMS" */ = {
			isa = XCConfigurationList;
			buildConfigurations = (
				A76091CD846278FF8B60C5D4 /* Debug */,
				CA726F2BF9B0ABFDD68B444C /* Release */,
			);
			defaultConfigurationIsVisible = 0;
			defaultConfigurationName = Debug;
		};
/* End XCConfigurationList section */
	};
	rootObject = 3FF997B48C4F1B5EA7110BC5 /* Project object */;
}
